// !$*UTF8*$!
{
	archiveVersion = 1;
	classes = {
	};
	objectVersion = 56;
	objects = {

/* Begin PBXBuildFile section */
		AA05698D2AB704B20049EA2A /* ProfileManager.swift in Sources */ = {isa = PBXBuildFile; fileRef = AA05698C2AB704B20049EA2A /* ProfileManager.swift */; };
		AA0569902AB7056D0049EA2A /* KeychainSwift in Frameworks */ = {isa = PBXBuildFile; productRef = AA05698F2AB7056D0049EA2A /* KeychainSwift */; };
		AA2193D02ACB594400F30ACA /* ProfileViewModel.swift in Sources */ = {isa = PBXBuildFile; fileRef = AA2193CF2ACB594400F30ACA /* ProfileViewModel.swift */; };
		AA2193D22ACC939B00F30ACA /* NotificationsViewModel.swift in Sources */ = {isa = PBXBuildFile; fileRef = AA2193D12ACC939B00F30ACA /* NotificationsViewModel.swift */; };
		AA2DE7FA2AD4997000ABA64D /* SwiftUIView.swift in Sources */ = {isa = PBXBuildFile; fileRef = AA2DE7F92AD4997000ABA64D /* SwiftUIView.swift */; };
		AA3FF1BA2AB8E81D0072E08B /* RegistrationScreen.swift in Sources */ = {isa = PBXBuildFile; fileRef = AA3FF1B92AB8E81D0072E08B /* RegistrationScreen.swift */; };
		AA3FF1BD2AB9E9170072E08B /* AccountRegistrationModel.swift in Sources */ = {isa = PBXBuildFile; fileRef = AA3FF1BC2AB9E9170072E08B /* AccountRegistrationModel.swift */; };
		AA3FF1BF2AB9EEFB0072E08B /* RegistrationProfileDetailsScreen.swift in Sources */ = {isa = PBXBuildFile; fileRef = AA3FF1BE2AB9EEFB0072E08B /* RegistrationProfileDetailsScreen.swift */; };
		AA61211E2AD9D51A00CD147B /* CustomDateFormatter.swift in Sources */ = {isa = PBXBuildFile; fileRef = AA61211D2AD9D51A00CD147B /* CustomDateFormatter.swift */; };
		AA6121212AD9DAAB00CD147B /* CustomTextFieldView.swift in Sources */ = {isa = PBXBuildFile; fileRef = AA6121202AD9DAAB00CD147B /* CustomTextFieldView.swift */; };
		AA6121232AD9F50B00CD147B /* GradientBackgroundView.swift in Sources */ = {isa = PBXBuildFile; fileRef = AA6121222AD9F50B00CD147B /* GradientBackgroundView.swift */; };
		AA6121252ADAA04B00CD147B /* RoomSettings.swift in Sources */ = {isa = PBXBuildFile; fileRef = AA6121242ADAA04B00CD147B /* RoomSettings.swift */; };
		AA6121272ADB361D00CD147B /* APIClient.swift in Sources */ = {isa = PBXBuildFile; fileRef = AA6121262ADB361D00CD147B /* APIClient.swift */; };
		AA61212C2ADBF91100CD147B /* FirstHelloScreen.swift in Sources */ = {isa = PBXBuildFile; fileRef = AA61212B2ADBF91100CD147B /* FirstHelloScreen.swift */; };
		AA61212E2ADBFD1D00CD147B /* SecondHelloScreen.swift in Sources */ = {isa = PBXBuildFile; fileRef = AA61212D2ADBFD1D00CD147B /* SecondHelloScreen.swift */; };
		AA6121302ADC039300CD147B /* TestSelectView.swift in Sources */ = {isa = PBXBuildFile; fileRef = AA61212F2ADC039300CD147B /* TestSelectView.swift */; };
		AA6121322ADC3C5200CD147B /* IsLoginMainView.swift in Sources */ = {isa = PBXBuildFile; fileRef = AA6121312ADC3C5200CD147B /* IsLoginMainView.swift */; };
		AA7EF7752AD176C400F825A8 /* ProfileEditViewModel.swift in Sources */ = {isa = PBXBuildFile; fileRef = AA7EF7742AD176C400F825A8 /* ProfileEditViewModel.swift */; };
		AA7EF7772AD1BB8300F825A8 /* ProfileMainScreen.swift in Sources */ = {isa = PBXBuildFile; fileRef = AA7EF7762AD1BB8300F825A8 /* ProfileMainScreen.swift */; };
		AA8E78D92AD2B15000B0098D /* TagCloudView.swift in Sources */ = {isa = PBXBuildFile; fileRef = AA8E78D82AD2B15000B0098D /* TagCloudView.swift */; };
		AA8E78DB2AD2B96400B0098D /* RoomDetailsScreen.swift in Sources */ = {isa = PBXBuildFile; fileRef = AA8E78DA2AD2B96400B0098D /* RoomDetailsScreen.swift */; };
		AA8E78DD2AD2B9F500B0098D /* RoomDetailsViewModel.swift in Sources */ = {isa = PBXBuildFile; fileRef = AA8E78DC2AD2B9F500B0098D /* RoomDetailsViewModel.swift */; };
		AA9528672AC76001005C414D /* InviteItemModel.swift in Sources */ = {isa = PBXBuildFile; fileRef = AA9528662AC76001005C414D /* InviteItemModel.swift */; };
		AA95286A2AC774AB005C414D /* ConnectRoomScreen.swift in Sources */ = {isa = PBXBuildFile; fileRef = AA9528692AC774AB005C414D /* ConnectRoomScreen.swift */; };
		AAB101862AB78D3900798D19 /* ProfileEditScreen.swift in Sources */ = {isa = PBXBuildFile; fileRef = AAB101852AB78D3900798D19 /* ProfileEditScreen.swift */; };
		AAD0FF512AC62366005ADF69 /* NotificationsScreen.swift in Sources */ = {isa = PBXBuildFile; fileRef = AAD0FF502AC62366005ADF69 /* NotificationsScreen.swift */; };
		AAE5C3202ACE01B40040C27C /* RoomsViewModel.swift in Sources */ = {isa = PBXBuildFile; fileRef = AAE5C31F2ACE01B40040C27C /* RoomsViewModel.swift */; };
		AAE5C3222ACE046D0040C27C /* RoomCreateViewModel.swift in Sources */ = {isa = PBXBuildFile; fileRef = AAE5C3212ACE046D0040C27C /* RoomCreateViewModel.swift */; };
		AAF6B2202AB6568D0034A665 /* Alamofire in Frameworks */ = {isa = PBXBuildFile; productRef = AAF6B21F2AB6568D0034A665 /* Alamofire */; };
		AAF6B2232AB657000034A665 /* SwiftyJSON in Frameworks */ = {isa = PBXBuildFile; productRef = AAF6B2222AB657000034A665 /* SwiftyJSON */; };
		AAF6B2272AB6F5970034A665 /* ItemRoomView.swift in Sources */ = {isa = PBXBuildFile; fileRef = AAF6B2262AB6F5970034A665 /* ItemRoomView.swift */; };
		AAF8A6532AB4F03B0080A250 /* PartyRoomAppIOSApp.swift in Sources */ = {isa = PBXBuildFile; fileRef = AAF8A6522AB4F03B0080A250 /* PartyRoomAppIOSApp.swift */; };
		AAF8A6552AB4F03B0080A250 /* RoomsScreen.swift in Sources */ = {isa = PBXBuildFile; fileRef = AAF8A6542AB4F03B0080A250 /* RoomsScreen.swift */; };
		AAF8A6572AB4F03C0080A250 /* Assets.xcassets in Resources */ = {isa = PBXBuildFile; fileRef = AAF8A6562AB4F03C0080A250 /* Assets.xcassets */; };
		AAF8A65A2AB4F03C0080A250 /* Preview Assets.xcassets in Resources */ = {isa = PBXBuildFile; fileRef = AAF8A6592AB4F03C0080A250 /* Preview Assets.xcassets */; };
		AAF8A6612AB4F0A60080A250 /* MainView.swift in Sources */ = {isa = PBXBuildFile; fileRef = AAF8A6602AB4F0A60080A250 /* MainView.swift */; };
		AAF8A6652AB4F4950080A250 /* LoginScreen.swift in Sources */ = {isa = PBXBuildFile; fileRef = AAF8A6642AB4F4950080A250 /* LoginScreen.swift */; };
		AAF8A6682AB4F6A50080A250 /* Endpoints.swift in Sources */ = {isa = PBXBuildFile; fileRef = AAF8A6672AB4F6A50080A250 /* Endpoints.swift */; };
		AAF8A66B2AB5A6640080A250 /* AccountLogin.swift in Sources */ = {isa = PBXBuildFile; fileRef = AAF8A66A2AB5A6640080A250 /* AccountLogin.swift */; };
		AAF8A66D2AB5AFA50080A250 /* JwtAccessModel.swift in Sources */ = {isa = PBXBuildFile; fileRef = AAF8A66C2AB5AFA50080A250 /* JwtAccessModel.swift */; };
		AAF8A66F2AB5B83B0080A250 /* ApplicationUser.swift in Sources */ = {isa = PBXBuildFile; fileRef = AAF8A66E2AB5B83B0080A250 /* ApplicationUser.swift */; };
		AAF8A6712AB5CB8A0080A250 /* RoomsModel.swift in Sources */ = {isa = PBXBuildFile; fileRef = AAF8A6702AB5CB8A0080A250 /* RoomsModel.swift */; };
		AAF8A6732AB5DC730080A250 /* ProfileModel.swift in Sources */ = {isa = PBXBuildFile; fileRef = AAF8A6722AB5DC730080A250 /* ProfileModel.swift */; };
		AAF8A67A2AB5E3DD0080A250 /* RoomDetailsModel.swift in Sources */ = {isa = PBXBuildFile; fileRef = AAF8A6792AB5E3DD0080A250 /* RoomDetailsModel.swift */; };
		AAF8A67C2AB600CF0080A250 /* RoomCreateScreen.swift in Sources */ = {isa = PBXBuildFile; fileRef = AAF8A67B2AB600CF0080A250 /* RoomCreateScreen.swift */; };
		AAF8A67E2AB618210080A250 /* RoomCreateModel.swift in Sources */ = {isa = PBXBuildFile; fileRef = AAF8A67D2AB618210080A250 /* RoomCreateModel.swift */; };
		AAF8A6822AB652620080A250 /* NetworkBase.swift in Sources */ = {isa = PBXBuildFile; fileRef = AAF8A6812AB652620080A250 /* NetworkBase.swift */; };
/* End PBXBuildFile section */

/* Begin PBXFileReference section */
		AA05698C2AB704B20049EA2A /* ProfileManager.swift */ = {isa = PBXFileReference; lastKnownFileType = sourcecode.swift; path = ProfileManager.swift; sourceTree = "<group>"; };
		AA2193CF2ACB594400F30ACA /* ProfileViewModel.swift */ = {isa = PBXFileReference; lastKnownFileType = sourcecode.swift; path = ProfileViewModel.swift; sourceTree = "<group>"; };
		AA2193D12ACC939B00F30ACA /* NotificationsViewModel.swift */ = {isa = PBXFileReference; lastKnownFileType = sourcecode.swift; path = NotificationsViewModel.swift; sourceTree = "<group>"; };
		AA2DE7F92AD4997000ABA64D /* SwiftUIView.swift */ = {isa = PBXFileReference; lastKnownFileType = sourcecode.swift; path = SwiftUIView.swift; sourceTree = "<group>"; };
		AA3FF1B92AB8E81D0072E08B /* RegistrationScreen.swift */ = {isa = PBXFileReference; lastKnownFileType = sourcecode.swift; path = RegistrationScreen.swift; sourceTree = "<group>"; };
		AA3FF1BC2AB9E9170072E08B /* AccountRegistrationModel.swift */ = {isa = PBXFileReference; lastKnownFileType = sourcecode.swift; path = AccountRegistrationModel.swift; sourceTree = "<group>"; };
		AA3FF1BE2AB9EEFB0072E08B /* RegistrationProfileDetailsScreen.swift */ = {isa = PBXFileReference; lastKnownFileType = sourcecode.swift; path = RegistrationProfileDetailsScreen.swift; sourceTree = "<group>"; };
		AA61211D2AD9D51A00CD147B /* CustomDateFormatter.swift */ = {isa = PBXFileReference; lastKnownFileType = sourcecode.swift; path = CustomDateFormatter.swift; sourceTree = "<group>"; };
		AA6121202AD9DAAB00CD147B /* CustomTextFieldView.swift */ = {isa = PBXFileReference; lastKnownFileType = sourcecode.swift; path = CustomTextFieldView.swift; sourceTree = "<group>"; };
		AA6121222AD9F50B00CD147B /* GradientBackgroundView.swift */ = {isa = PBXFileReference; lastKnownFileType = sourcecode.swift; path = GradientBackgroundView.swift; sourceTree = "<group>"; };
		AA6121242ADAA04B00CD147B /* RoomSettings.swift */ = {isa = PBXFileReference; lastKnownFileType = sourcecode.swift; path = RoomSettings.swift; sourceTree = "<group>"; };
		AA6121262ADB361D00CD147B /* APIClient.swift */ = {isa = PBXFileReference; lastKnownFileType = sourcecode.swift; path = APIClient.swift; sourceTree = "<group>"; };
		AA61212B2ADBF91100CD147B /* FirstHelloScreen.swift */ = {isa = PBXFileReference; lastKnownFileType = sourcecode.swift; path = FirstHelloScreen.swift; sourceTree = "<group>"; };
		AA61212D2ADBFD1D00CD147B /* SecondHelloScreen.swift */ = {isa = PBXFileReference; lastKnownFileType = sourcecode.swift; path = SecondHelloScreen.swift; sourceTree = "<group>"; };
		AA61212F2ADC039300CD147B /* TestSelectView.swift */ = {isa = PBXFileReference; lastKnownFileType = sourcecode.swift; path = TestSelectView.swift; sourceTree = "<group>"; };
		AA6121312ADC3C5200CD147B /* IsLoginMainView.swift */ = {isa = PBXFileReference; lastKnownFileType = sourcecode.swift; path = IsLoginMainView.swift; sourceTree = "<group>"; };
		AA7EF7742AD176C400F825A8 /* ProfileEditViewModel.swift */ = {isa = PBXFileReference; lastKnownFileType = sourcecode.swift; path = ProfileEditViewModel.swift; sourceTree = "<group>"; };
		AA7EF7762AD1BB8300F825A8 /* ProfileMainScreen.swift */ = {isa = PBXFileReference; lastKnownFileType = sourcecode.swift; path = ProfileMainScreen.swift; sourceTree = "<group>"; };
		AA8E78D82AD2B15000B0098D /* TagCloudView.swift */ = {isa = PBXFileReference; lastKnownFileType = sourcecode.swift; path = TagCloudView.swift; sourceTree = "<group>"; };
		AA8E78DA2AD2B96400B0098D /* RoomDetailsScreen.swift */ = {isa = PBXFileReference; lastKnownFileType = sourcecode.swift; path = RoomDetailsScreen.swift; sourceTree = "<group>"; };
		AA8E78DC2AD2B9F500B0098D /* RoomDetailsViewModel.swift */ = {isa = PBXFileReference; lastKnownFileType = sourcecode.swift; path = RoomDetailsViewModel.swift; sourceTree = "<group>"; };
		AA9528662AC76001005C414D /* InviteItemModel.swift */ = {isa = PBXFileReference; lastKnownFileType = sourcecode.swift; path = InviteItemModel.swift; sourceTree = "<group>"; };
		AA9528692AC774AB005C414D /* ConnectRoomScreen.swift */ = {isa = PBXFileReference; lastKnownFileType = sourcecode.swift; path = ConnectRoomScreen.swift; sourceTree = "<group>"; };
		AAB101852AB78D3900798D19 /* ProfileEditScreen.swift */ = {isa = PBXFileReference; lastKnownFileType = sourcecode.swift; path = ProfileEditScreen.swift; sourceTree = "<group>"; };
		AAD0FF502AC62366005ADF69 /* NotificationsScreen.swift */ = {isa = PBXFileReference; lastKnownFileType = sourcecode.swift; path = NotificationsScreen.swift; sourceTree = "<group>"; };
		AAE5C31F2ACE01B40040C27C /* RoomsViewModel.swift */ = {isa = PBXFileReference; lastKnownFileType = sourcecode.swift; path = RoomsViewModel.swift; sourceTree = "<group>"; };
		AAE5C3212ACE046D0040C27C /* RoomCreateViewModel.swift */ = {isa = PBXFileReference; lastKnownFileType = sourcecode.swift; path = RoomCreateViewModel.swift; sourceTree = "<group>"; };
		AAF6B2262AB6F5970034A665 /* ItemRoomView.swift */ = {isa = PBXFileReference; lastKnownFileType = sourcecode.swift; path = ItemRoomView.swift; sourceTree = "<group>"; };
		AAF8A64F2AB4F03B0080A250 /* PartyRoomAppIOS.app */ = {isa = PBXFileReference; explicitFileType = wrapper.application; includeInIndex = 0; path = PartyRoomAppIOS.app; sourceTree = BUILT_PRODUCTS_DIR; };
		AAF8A6522AB4F03B0080A250 /* PartyRoomAppIOSApp.swift */ = {isa = PBXFileReference; lastKnownFileType = sourcecode.swift; path = PartyRoomAppIOSApp.swift; sourceTree = "<group>"; };
		AAF8A6542AB4F03B0080A250 /* RoomsScreen.swift */ = {isa = PBXFileReference; lastKnownFileType = sourcecode.swift; path = RoomsScreen.swift; sourceTree = "<group>"; };
		AAF8A6562AB4F03C0080A250 /* Assets.xcassets */ = {isa = PBXFileReference; lastKnownFileType = folder.assetcatalog; path = Assets.xcassets; sourceTree = "<group>"; };
		AAF8A6592AB4F03C0080A250 /* Preview Assets.xcassets */ = {isa = PBXFileReference; lastKnownFileType = folder.assetcatalog; path = "Preview Assets.xcassets"; sourceTree = "<group>"; };
		AAF8A6602AB4F0A60080A250 /* MainView.swift */ = {isa = PBXFileReference; lastKnownFileType = sourcecode.swift; path = MainView.swift; sourceTree = "<group>"; };
		AAF8A6642AB4F4950080A250 /* LoginScreen.swift */ = {isa = PBXFileReference; lastKnownFileType = sourcecode.swift; path = LoginScreen.swift; sourceTree = "<group>"; };
		AAF8A6672AB4F6A50080A250 /* Endpoints.swift */ = {isa = PBXFileReference; lastKnownFileType = sourcecode.swift; path = Endpoints.swift; sourceTree = "<group>"; };
		AAF8A66A2AB5A6640080A250 /* AccountLogin.swift */ = {isa = PBXFileReference; lastKnownFileType = sourcecode.swift; path = AccountLogin.swift; sourceTree = "<group>"; };
		AAF8A66C2AB5AFA50080A250 /* JwtAccessModel.swift */ = {isa = PBXFileReference; lastKnownFileType = sourcecode.swift; path = JwtAccessModel.swift; sourceTree = "<group>"; };
		AAF8A66E2AB5B83B0080A250 /* ApplicationUser.swift */ = {isa = PBXFileReference; lastKnownFileType = sourcecode.swift; path = ApplicationUser.swift; sourceTree = "<group>"; };
		AAF8A6702AB5CB8A0080A250 /* RoomsModel.swift */ = {isa = PBXFileReference; lastKnownFileType = sourcecode.swift; path = RoomsModel.swift; sourceTree = "<group>"; };
		AAF8A6722AB5DC730080A250 /* ProfileModel.swift */ = {isa = PBXFileReference; lastKnownFileType = sourcecode.swift; path = ProfileModel.swift; sourceTree = "<group>"; };
		AAF8A6792AB5E3DD0080A250 /* RoomDetailsModel.swift */ = {isa = PBXFileReference; lastKnownFileType = sourcecode.swift; path = RoomDetailsModel.swift; sourceTree = "<group>"; };
		AAF8A67B2AB600CF0080A250 /* RoomCreateScreen.swift */ = {isa = PBXFileReference; lastKnownFileType = sourcecode.swift; path = RoomCreateScreen.swift; sourceTree = "<group>"; };
		AAF8A67D2AB618210080A250 /* RoomCreateModel.swift */ = {isa = PBXFileReference; lastKnownFileType = sourcecode.swift; path = RoomCreateModel.swift; sourceTree = "<group>"; };
		AAF8A6812AB652620080A250 /* NetworkBase.swift */ = {isa = PBXFileReference; lastKnownFileType = sourcecode.swift; path = NetworkBase.swift; sourceTree = "<group>"; };
/* End PBXFileReference section */

/* Begin PBXFrameworksBuildPhase section */
		AAF8A64C2AB4F03B0080A250 /* Frameworks */ = {
			isa = PBXFrameworksBuildPhase;
			buildActionMask = 2147483647;
			files = (
				AA0569902AB7056D0049EA2A /* KeychainSwift in Frameworks */,
				AAF6B2232AB657000034A665 /* SwiftyJSON in Frameworks */,
				AAF6B2202AB6568D0034A665 /* Alamofire in Frameworks */,
			);
			runOnlyForDeploymentPostprocessing = 0;
		};
/* End PBXFrameworksBuildPhase section */

/* Begin PBXGroup section */
		AA05698B2AB704930049EA2A /* Manager */ = {
			isa = PBXGroup;
			children = (
				AA05698C2AB704B20049EA2A /* ProfileManager.swift */,
			);
			path = Manager;
			sourceTree = "<group>";
		};
		AA0569912AB71B8D0049EA2A /* User */ = {
			isa = PBXGroup;
			children = (
				AAF8A66A2AB5A6640080A250 /* AccountLogin.swift */,
				AAF8A6722AB5DC730080A250 /* ProfileModel.swift */,
				AAF8A66E2AB5B83B0080A250 /* ApplicationUser.swift */,
				AA3FF1BC2AB9E9170072E08B /* AccountRegistrationModel.swift */,
				AA9528662AC76001005C414D /* InviteItemModel.swift */,
			);
			path = User;
			sourceTree = "<group>";
		};
		AA2193CE2ACB590200F30ACA /* ViewModels */ = {
			isa = PBXGroup;
			children = (
				AA2193CF2ACB594400F30ACA /* ProfileViewModel.swift */,
				AA2193D12ACC939B00F30ACA /* NotificationsViewModel.swift */,
				AAE5C31F2ACE01B40040C27C /* RoomsViewModel.swift */,
				AAE5C3212ACE046D0040C27C /* RoomCreateViewModel.swift */,
				AA7EF7742AD176C400F825A8 /* ProfileEditViewModel.swift */,
				AA8E78DC2AD2B9F500B0098D /* RoomDetailsViewModel.swift */,
			);
			path = ViewModels;
			sourceTree = "<group>";
		};
		AA3FF1B82AB8E7EA0072E08B /* Registration */ = {
			isa = PBXGroup;
			children = (
				AA3FF1B92AB8E81D0072E08B /* RegistrationScreen.swift */,
				AA3FF1BE2AB9EEFB0072E08B /* RegistrationProfileDetailsScreen.swift */,
			);
			path = Registration;
			sourceTree = "<group>";
		};
		AA61211C2AD9D4DE00CD147B /* Formatter */ = {
			isa = PBXGroup;
			children = (
				AA61211D2AD9D51A00CD147B /* CustomDateFormatter.swift */,
			);
			path = Formatter;
			sourceTree = "<group>";
		};
		AA61211F2AD9DA6F00CD147B /* GlobalReuseView */ = {
			isa = PBXGroup;
			children = (
				AA6121202AD9DAAB00CD147B /* CustomTextFieldView.swift */,
				AA6121222AD9F50B00CD147B /* GradientBackgroundView.swift */,
			);
			path = GlobalReuseView;
			sourceTree = "<group>";
		};
		AA61212A2ADBF8EA00CD147B /* Hello */ = {
			isa = PBXGroup;
			children = (
				AA61212B2ADBF91100CD147B /* FirstHelloScreen.swift */,
				AA61212D2ADBFD1D00CD147B /* SecondHelloScreen.swift */,
				AA61212F2ADC039300CD147B /* TestSelectView.swift */,
			);
			path = Hello;
			sourceTree = "<group>";
		};
		AA9528682AC76F15005C414D /* View */ = {
			isa = PBXGroup;
			children = (
				AAF6B2262AB6F5970034A665 /* ItemRoomView.swift */,
			);
			path = View;
			sourceTree = "<group>";
		};
		AA95286B2AC99947005C414D /* ProfileEdit */ = {
			isa = PBXGroup;
			children = (
				AA95286C2AC999B2005C414D /* View */,
				AAB101852AB78D3900798D19 /* ProfileEditScreen.swift */,
			);
			path = ProfileEdit;
			sourceTree = "<group>";
		};
		AA95286C2AC999B2005C414D /* View */ = {
			isa = PBXGroup;
			children = (
			);
			path = View;
			sourceTree = "<group>";
		};
		AAB101822AB7309200798D19 /* Account */ = {
			isa = PBXGroup;
			children = (
				AA3FF1B82AB8E7EA0072E08B /* Registration */,
				AAB101882AB8CA5300798D19 /* Profile */,
				AAB101872AB8CA1C00798D19 /* Login */,
			);
			path = Account;
			sourceTree = "<group>";
		};
		AAB101872AB8CA1C00798D19 /* Login */ = {
			isa = PBXGroup;
			children = (
				AAF8A6642AB4F4950080A250 /* LoginScreen.swift */,
			);
			path = Login;
			sourceTree = "<group>";
		};
		AAB101882AB8CA5300798D19 /* Profile */ = {
			isa = PBXGroup;
			children = (
				AA95286B2AC99947005C414D /* ProfileEdit */,
				AAB101892AB8CB1300798D19 /* View */,
				AA7EF7762AD1BB8300F825A8 /* ProfileMainScreen.swift */,
				AAD0FF502AC62366005ADF69 /* NotificationsScreen.swift */,
			);
			path = Profile;
			sourceTree = "<group>";
		};
		AAB101892AB8CB1300798D19 /* View */ = {
			isa = PBXGroup;
			children = (
				AA8E78D82AD2B15000B0098D /* TagCloudView.swift */,
			);
			path = View;
			sourceTree = "<group>";
		};
		AAF8A6462AB4F03B0080A250 = {
			isa = PBXGroup;
			children = (
				AAF8A6512AB4F03B0080A250 /* PartyRoomAppIOS */,
				AAF8A6502AB4F03B0080A250 /* Products */,
			);
			sourceTree = "<group>";
		};
		AAF8A6502AB4F03B0080A250 /* Products */ = {
			isa = PBXGroup;
			children = (
				AAF8A64F2AB4F03B0080A250 /* PartyRoomAppIOS.app */,
			);
			name = Products;
			sourceTree = "<group>";
		};
		AAF8A6512AB4F03B0080A250 /* PartyRoomAppIOS */ = {
			isa = PBXGroup;
			children = (
				AA61211F2AD9DA6F00CD147B /* GlobalReuseView */,
				AAF8A6522AB4F03B0080A250 /* PartyRoomAppIOSApp.swift */,
				AA05698B2AB704930049EA2A /* Manager */,
				AAF8A67F2AB651E30080A250 /* Utils */,
				AAF8A6742AB5E14A0080A250 /* Screens */,
				AA2193CE2ACB590200F30ACA /* ViewModels */,
				AAF8A6692AB5A63B0080A250 /* Models */,
				AAF8A6662AB4F6570080A250 /* Constants */,
				AAF8A6562AB4F03C0080A250 /* Assets.xcassets */,
				AAF8A6582AB4F03C0080A250 /* Preview Content */,
			);
			path = PartyRoomAppIOS;
			sourceTree = "<group>";
		};
		AAF8A6582AB4F03C0080A250 /* Preview Content */ = {
			isa = PBXGroup;
			children = (
				AAF8A6592AB4F03C0080A250 /* Preview Assets.xcassets */,
			);
			path = "Preview Content";
			sourceTree = "<group>";
		};
		AAF8A6662AB4F6570080A250 /* Constants */ = {
			isa = PBXGroup;
			children = (
				AAF8A6672AB4F6A50080A250 /* Endpoints.swift */,
			);
			path = Constants;
			sourceTree = "<group>";
		};
		AAF8A6692AB5A63B0080A250 /* Models */ = {
			isa = PBXGroup;
			children = (
				AA0569912AB71B8D0049EA2A /* User */,
				AAF8A6782AB5E36C0080A250 /* Room */,
				AAF8A66C2AB5AFA50080A250 /* JwtAccessModel.swift */,
			);
			path = Models;
			sourceTree = "<group>";
		};
		AAF8A6742AB5E14A0080A250 /* Screens */ = {
			isa = PBXGroup;
			children = (
				AA61212A2ADBF8EA00CD147B /* Hello */,
				AAB101822AB7309200798D19 /* Account */,
				AAF8A6752AB5E1880080A250 /* Room */,
				AAF8A6602AB4F0A60080A250 /* MainView.swift */,
				AA2DE7F92AD4997000ABA64D /* SwiftUIView.swift */,
				AA6121312ADC3C5200CD147B /* IsLoginMainView.swift */,
			);
			path = Screens;
			sourceTree = "<group>";
		};
		AAF8A6752AB5E1880080A250 /* Room */ = {
			isa = PBXGroup;
			children = (
				AA9528682AC76F15005C414D /* View */,
				AAF8A6542AB4F03B0080A250 /* RoomsScreen.swift */,
				AAF8A67B2AB600CF0080A250 /* RoomCreateScreen.swift */,
				AA9528692AC774AB005C414D /* ConnectRoomScreen.swift */,
				AA8E78DA2AD2B96400B0098D /* RoomDetailsScreen.swift */,
				AA6121242ADAA04B00CD147B /* RoomSettings.swift */,
			);
			path = Room;
			sourceTree = "<group>";
		};
		AAF8A6782AB5E36C0080A250 /* Room */ = {
			isa = PBXGroup;
			children = (
				AAF8A6702AB5CB8A0080A250 /* RoomsModel.swift */,
				AAF8A6792AB5E3DD0080A250 /* RoomDetailsModel.swift */,
				AAF8A67D2AB618210080A250 /* RoomCreateModel.swift */,
			);
			path = Room;
			sourceTree = "<group>";
		};
		AAF8A67F2AB651E30080A250 /* Utils */ = {
			isa = PBXGroup;
			children = (
				AA61211C2AD9D4DE00CD147B /* Formatter */,
				AAF8A6802AB652090080A250 /* Network */,
			);
			path = Utils;
			sourceTree = "<group>";
		};
		AAF8A6802AB652090080A250 /* Network */ = {
			isa = PBXGroup;
			children = (
				AAF8A6812AB652620080A250 /* NetworkBase.swift */,
				AA6121262ADB361D00CD147B /* APIClient.swift */,
			);
			path = Network;
			sourceTree = "<group>";
		};
/* End PBXGroup section */

/* Begin PBXNativeTarget section */
		AAF8A64E2AB4F03B0080A250 /* PartyRoomAppIOS */ = {
			isa = PBXNativeTarget;
			buildConfigurationList = AAF8A65D2AB4F03C0080A250 /* Build configuration list for PBXNativeTarget "PartyRoomAppIOS" */;
			buildPhases = (
				AAF8A64B2AB4F03B0080A250 /* Sources */,
				AAF8A64C2AB4F03B0080A250 /* Frameworks */,
				AAF8A64D2AB4F03B0080A250 /* Resources */,
			);
			buildRules = (
			);
			dependencies = (
			);
			name = PartyRoomAppIOS;
			packageProductDependencies = (
				AAF6B21F2AB6568D0034A665 /* Alamofire */,
				AAF6B2222AB657000034A665 /* SwiftyJSON */,
				AA05698F2AB7056D0049EA2A /* KeychainSwift */,
			);
			productName = PartyRoomAppIOS;
			productReference = AAF8A64F2AB4F03B0080A250 /* PartyRoomAppIOS.app */;
			productType = "com.apple.product-type.application";
		};
/* End PBXNativeTarget section */

/* Begin PBXProject section */
		AAF8A6472AB4F03B0080A250 /* Project object */ = {
			isa = PBXProject;
			attributes = {
				BuildIndependentTargetsInParallel = 1;
				LastSwiftUpdateCheck = 1430;
				LastUpgradeCheck = 1500;
				TargetAttributes = {
					AAF8A64E2AB4F03B0080A250 = {
						CreatedOnToolsVersion = 14.3.1;
					};
				};
			};
			buildConfigurationList = AAF8A64A2AB4F03B0080A250 /* Build configuration list for PBXProject "PartyRoomAppIOS" */;
			compatibilityVersion = "Xcode 14.0";
			developmentRegion = ru;
			hasScannedForEncodings = 0;
			knownRegions = (
				en,
				Base,
				ru,
			);
			mainGroup = AAF8A6462AB4F03B0080A250;
			packageReferences = (
				AAF6B21E2AB6568D0034A665 /* XCRemoteSwiftPackageReference "Alamofire" */,
				AAF6B2212AB657000034A665 /* XCRemoteSwiftPackageReference "SwiftyJSON" */,
				AA05698E2AB7056D0049EA2A /* XCRemoteSwiftPackageReference "keychain-swift" */,
			);
			productRefGroup = AAF8A6502AB4F03B0080A250 /* Products */;
			projectDirPath = "";
			projectRoot = "";
			targets = (
				AAF8A64E2AB4F03B0080A250 /* PartyRoomAppIOS */,
			);
		};
/* End PBXProject section */

/* Begin PBXResourcesBuildPhase section */
		AAF8A64D2AB4F03B0080A250 /* Resources */ = {
			isa = PBXResourcesBuildPhase;
			buildActionMask = 2147483647;
			files = (
				AAF8A65A2AB4F03C0080A250 /* Preview Assets.xcassets in Resources */,
				AAF8A6572AB4F03C0080A250 /* Assets.xcassets in Resources */,
			);
			runOnlyForDeploymentPostprocessing = 0;
		};
/* End PBXResourcesBuildPhase section */

/* Begin PBXSourcesBuildPhase section */
		AAF8A64B2AB4F03B0080A250 /* Sources */ = {
			isa = PBXSourcesBuildPhase;
			buildActionMask = 2147483647;
			files = (
				AAE5C3222ACE046D0040C27C /* RoomCreateViewModel.swift in Sources */,
				AA8E78D92AD2B15000B0098D /* TagCloudView.swift in Sources */,
				AA8E78DB2AD2B96400B0098D /* RoomDetailsScreen.swift in Sources */,
				AAD0FF512AC62366005ADF69 /* NotificationsScreen.swift in Sources */,
				AAF8A6652AB4F4950080A250 /* LoginScreen.swift in Sources */,
				AAF8A67A2AB5E3DD0080A250 /* RoomDetailsModel.swift in Sources */,
				AAB101862AB78D3900798D19 /* ProfileEditScreen.swift in Sources */,
				AA2193D22ACC939B00F30ACA /* NotificationsViewModel.swift in Sources */,
				AAF8A66D2AB5AFA50080A250 /* JwtAccessModel.swift in Sources */,
				AA7EF7752AD176C400F825A8 /* ProfileEditViewModel.swift in Sources */,
				AA61212E2ADBFD1D00CD147B /* SecondHelloScreen.swift in Sources */,
				AA2193D02ACB594400F30ACA /* ProfileViewModel.swift in Sources */,
				AA8E78DD2AD2B9F500B0098D /* RoomDetailsViewModel.swift in Sources */,
				AA6121252ADAA04B00CD147B /* RoomSettings.swift in Sources */,
				AA6121232AD9F50B00CD147B /* GradientBackgroundView.swift in Sources */,
				AAF8A6822AB652620080A250 /* NetworkBase.swift in Sources */,
				AA3FF1BA2AB8E81D0072E08B /* RegistrationScreen.swift in Sources */,
				AAF8A66B2AB5A6640080A250 /* AccountLogin.swift in Sources */,
				AAF8A6712AB5CB8A0080A250 /* RoomsModel.swift in Sources */,
				AA05698D2AB704B20049EA2A /* ProfileManager.swift in Sources */,
				AAF6B2272AB6F5970034A665 /* ItemRoomView.swift in Sources */,
				AA6121212AD9DAAB00CD147B /* CustomTextFieldView.swift in Sources */,
				AAF8A66F2AB5B83B0080A250 /* ApplicationUser.swift in Sources */,
				AA3FF1BF2AB9EEFB0072E08B /* RegistrationProfileDetailsScreen.swift in Sources */,
				AAF8A67C2AB600CF0080A250 /* RoomCreateScreen.swift in Sources */,
				AA6121302ADC039300CD147B /* TestSelectView.swift in Sources */,
				AAF8A6732AB5DC730080A250 /* ProfileModel.swift in Sources */,
				AA61212C2ADBF91100CD147B /* FirstHelloScreen.swift in Sources */,
				AAF8A6552AB4F03B0080A250 /* RoomsScreen.swift in Sources */,
				AAE5C3202ACE01B40040C27C /* RoomsViewModel.swift in Sources */,
				AA61211E2AD9D51A00CD147B /* CustomDateFormatter.swift in Sources */,
				AA2DE7FA2AD4997000ABA64D /* SwiftUIView.swift in Sources */,
				AA7EF7772AD1BB8300F825A8 /* ProfileMainScreen.swift in Sources */,
				AA3FF1BD2AB9E9170072E08B /* AccountRegistrationModel.swift in Sources */,
				AAF8A6612AB4F0A60080A250 /* MainView.swift in Sources */,
				AA6121322ADC3C5200CD147B /* IsLoginMainView.swift in Sources */,
				AA9528672AC76001005C414D /* InviteItemModel.swift in Sources */,
				AAF8A6532AB4F03B0080A250 /* PartyRoomAppIOSApp.swift in Sources */,
				AA95286A2AC774AB005C414D /* ConnectRoomScreen.swift in Sources */,
				AA6121272ADB361D00CD147B /* APIClient.swift in Sources */,
				AAF8A67E2AB618210080A250 /* RoomCreateModel.swift in Sources */,
				AAF8A6682AB4F6A50080A250 /* Endpoints.swift in Sources */,
			);
			runOnlyForDeploymentPostprocessing = 0;
		};
/* End PBXSourcesBuildPhase section */

/* Begin XCBuildConfiguration section */
		AAF8A65B2AB4F03C0080A250 /* Debug */ = {
			isa = XCBuildConfiguration;
			buildSettings = {
				ALWAYS_SEARCH_USER_PATHS = NO;
				CLANG_ANALYZER_NONNULL = YES;
				CLANG_ANALYZER_NUMBER_OBJECT_CONVERSION = YES_AGGRESSIVE;
				CLANG_CXX_LANGUAGE_STANDARD = "gnu++20";
				CLANG_ENABLE_MODULES = YES;
				CLANG_ENABLE_OBJC_ARC = YES;
				CLANG_ENABLE_OBJC_WEAK = YES;
				CLANG_WARN_BLOCK_CAPTURE_AUTORELEASING = YES;
				CLANG_WARN_BOOL_CONVERSION = YES;
				CLANG_WARN_COMMA = YES;
				CLANG_WARN_CONSTANT_CONVERSION = YES;
				CLANG_WARN_DEPRECATED_OBJC_IMPLEMENTATIONS = YES;
				CLANG_WARN_DIRECT_OBJC_ISA_USAGE = YES_ERROR;
				CLANG_WARN_DOCUMENTATION_COMMENTS = YES;
				CLANG_WARN_EMPTY_BODY = YES;
				CLANG_WARN_ENUM_CONVERSION = YES;
				CLANG_WARN_INFINITE_RECURSION = YES;
				CLANG_WARN_INT_CONVERSION = YES;
				CLANG_WARN_NON_LITERAL_NULL_CONVERSION = YES;
				CLANG_WARN_OBJC_IMPLICIT_RETAIN_SELF = YES;
				CLANG_WARN_OBJC_LITERAL_CONVERSION = YES;
				CLANG_WARN_OBJC_ROOT_CLASS = YES_ERROR;
				CLANG_WARN_QUOTED_INCLUDE_IN_FRAMEWORK_HEADER = YES;
				CLANG_WARN_RANGE_LOOP_ANALYSIS = YES;
				CLANG_WARN_STRICT_PROTOTYPES = YES;
				CLANG_WARN_SUSPICIOUS_MOVE = YES;
				CLANG_WARN_UNGUARDED_AVAILABILITY = YES_AGGRESSIVE;
				CLANG_WARN_UNREACHABLE_CODE = YES;
				CLANG_WARN__DUPLICATE_METHOD_MATCH = YES;
				COPY_PHASE_STRIP = NO;
				DEBUG_INFORMATION_FORMAT = dwarf;
				ENABLE_STRICT_OBJC_MSGSEND = YES;
				ENABLE_TESTABILITY = YES;
				ENABLE_USER_SCRIPT_SANDBOXING = YES;
				GCC_C_LANGUAGE_STANDARD = gnu11;
				GCC_DYNAMIC_NO_PIC = NO;
				GCC_NO_COMMON_BLOCKS = YES;
				GCC_OPTIMIZATION_LEVEL = 0;
				GCC_PREPROCESSOR_DEFINITIONS = (
					"DEBUG=1",
					"$(inherited)",
				);
				GCC_WARN_64_TO_32_BIT_CONVERSION = YES;
				GCC_WARN_ABOUT_RETURN_TYPE = YES_ERROR;
				GCC_WARN_UNDECLARED_SELECTOR = YES;
				GCC_WARN_UNINITIALIZED_AUTOS = YES_AGGRESSIVE;
				GCC_WARN_UNUSED_FUNCTION = YES;
				GCC_WARN_UNUSED_VARIABLE = YES;
				IPHONEOS_DEPLOYMENT_TARGET = 16.4;
				MTL_ENABLE_DEBUG_INFO = INCLUDE_SOURCE;
				MTL_FAST_MATH = YES;
				ONLY_ACTIVE_ARCH = YES;
				SDKROOT = iphoneos;
				SWIFT_ACTIVE_COMPILATION_CONDITIONS = DEBUG;
				SWIFT_OPTIMIZATION_LEVEL = "-Onone";
			};
			name = Debug;
		};
		AAF8A65C2AB4F03C0080A250 /* Release */ = {
			isa = XCBuildConfiguration;
			buildSettings = {
				ALWAYS_SEARCH_USER_PATHS = NO;
				CLANG_ANALYZER_NONNULL = YES;
				CLANG_ANALYZER_NUMBER_OBJECT_CONVERSION = YES_AGGRESSIVE;
				CLANG_CXX_LANGUAGE_STANDARD = "gnu++20";
				CLANG_ENABLE_MODULES = YES;
				CLANG_ENABLE_OBJC_ARC = YES;
				CLANG_ENABLE_OBJC_WEAK = YES;
				CLANG_WARN_BLOCK_CAPTURE_AUTORELEASING = YES;
				CLANG_WARN_BOOL_CONVERSION = YES;
				CLANG_WARN_COMMA = YES;
				CLANG_WARN_CONSTANT_CONVERSION = YES;
				CLANG_WARN_DEPRECATED_OBJC_IMPLEMENTATIONS = YES;
				CLANG_WARN_DIRECT_OBJC_ISA_USAGE = YES_ERROR;
				CLANG_WARN_DOCUMENTATION_COMMENTS = YES;
				CLANG_WARN_EMPTY_BODY = YES;
				CLANG_WARN_ENUM_CONVERSION = YES;
				CLANG_WARN_INFINITE_RECURSION = YES;
				CLANG_WARN_INT_CONVERSION = YES;
				CLANG_WARN_NON_LITERAL_NULL_CONVERSION = YES;
				CLANG_WARN_OBJC_IMPLICIT_RETAIN_SELF = YES;
				CLANG_WARN_OBJC_LITERAL_CONVERSION = YES;
				CLANG_WARN_OBJC_ROOT_CLASS = YES_ERROR;
				CLANG_WARN_QUOTED_INCLUDE_IN_FRAMEWORK_HEADER = YES;
				CLANG_WARN_RANGE_LOOP_ANALYSIS = YES;
				CLANG_WARN_STRICT_PROTOTYPES = YES;
				CLANG_WARN_SUSPICIOUS_MOVE = YES;
				CLANG_WARN_UNGUARDED_AVAILABILITY = YES_AGGRESSIVE;
				CLANG_WARN_UNREACHABLE_CODE = YES;
				CLANG_WARN__DUPLICATE_METHOD_MATCH = YES;
				COPY_PHASE_STRIP = NO;
				DEBUG_INFORMATION_FORMAT = "dwarf-with-dsym";
				ENABLE_NS_ASSERTIONS = NO;
				ENABLE_STRICT_OBJC_MSGSEND = YES;
				ENABLE_USER_SCRIPT_SANDBOXING = YES;
				GCC_C_LANGUAGE_STANDARD = gnu11;
				GCC_NO_COMMON_BLOCKS = YES;
				GCC_WARN_64_TO_32_BIT_CONVERSION = YES;
				GCC_WARN_ABOUT_RETURN_TYPE = YES_ERROR;
				GCC_WARN_UNDECLARED_SELECTOR = YES;
				GCC_WARN_UNINITIALIZED_AUTOS = YES_AGGRESSIVE;
				GCC_WARN_UNUSED_FUNCTION = YES;
				GCC_WARN_UNUSED_VARIABLE = YES;
				IPHONEOS_DEPLOYMENT_TARGET = 16.4;
				MTL_ENABLE_DEBUG_INFO = NO;
				MTL_FAST_MATH = YES;
				SDKROOT = iphoneos;
				SWIFT_COMPILATION_MODE = wholemodule;
				SWIFT_OPTIMIZATION_LEVEL = "-O";
				VALIDATE_PRODUCT = YES;
			};
			name = Release;
		};
		AAF8A65E2AB4F03C0080A250 /* Debug */ = {
			isa = XCBuildConfiguration;
			buildSettings = {
				ASSETCATALOG_COMPILER_APPICON_NAME = AppIcon;
				ASSETCATALOG_COMPILER_GLOBAL_ACCENT_COLOR_NAME = AccentColor;
				CODE_SIGN_STYLE = Automatic;
				CURRENT_PROJECT_VERSION = 1;
				DEVELOPMENT_ASSET_PATHS = "\"PartyRoomAppIOS/Preview Content\"";
				DEVELOPMENT_TEAM = KBDS6PFW26;
				ENABLE_PREVIEWS = YES;
				GENERATE_INFOPLIST_FILE = YES;
				INFOPLIST_KEY_UIApplicationSceneManifest_Generation = YES;
				INFOPLIST_KEY_UIApplicationSupportsIndirectInputEvents = YES;
				INFOPLIST_KEY_UILaunchScreen_Generation = YES;
				INFOPLIST_KEY_UISupportedInterfaceOrientations_iPad = "UIInterfaceOrientationPortrait UIInterfaceOrientationPortraitUpsideDown UIInterfaceOrientationLandscapeLeft UIInterfaceOrientationLandscapeRight";
				INFOPLIST_KEY_UISupportedInterfaceOrientations_iPhone = "UIInterfaceOrientationPortrait UIInterfaceOrientationLandscapeLeft UIInterfaceOrientationLandscapeRight";
				LD_RUNPATH_SEARCH_PATHS = (
					"$(inherited)",
					"@executable_path/Frameworks",
				);
				MARKETING_VERSION = 1.0;
				PRODUCT_BUNDLE_IDENTIFIER = PartyRoomA.PartyRoomAppIOS;
				PRODUCT_NAME = "$(TARGET_NAME)";
				SWIFT_EMIT_LOC_STRINGS = YES;
				SWIFT_VERSION = 5.0;
				TARGETED_DEVICE_FAMILY = "1,2";
			};
			name = Debug;
		};
		AAF8A65F2AB4F03C0080A250 /* Release */ = {
			isa = XCBuildConfiguration;
			buildSettings = {
				ASSETCATALOG_COMPILER_APPICON_NAME = AppIcon;
				ASSETCATALOG_COMPILER_GLOBAL_ACCENT_COLOR_NAME = AccentColor;
				CODE_SIGN_STYLE = Automatic;
				CURRENT_PROJECT_VERSION = 1;
				DEVELOPMENT_ASSET_PATHS = "\"PartyRoomAppIOS/Preview Content\"";
				DEVELOPMENT_TEAM = KBDS6PFW26;
				ENABLE_PREVIEWS = YES;
				GENERATE_INFOPLIST_FILE = YES;
				INFOPLIST_KEY_UIApplicationSceneManifest_Generation = YES;
				INFOPLIST_KEY_UIApplicationSupportsIndirectInputEvents = YES;
				INFOPLIST_KEY_UILaunchScreen_Generation = YES;
				INFOPLIST_KEY_UISupportedInterfaceOrientations_iPad = "UIInterfaceOrientationPortrait UIInterfaceOrientationPortraitUpsideDown UIInterfaceOrientationLandscapeLeft UIInterfaceOrientationLandscapeRight";
				INFOPLIST_KEY_UISupportedInterfaceOrientations_iPhone = "UIInterfaceOrientationPortrait UIInterfaceOrientationLandscapeLeft UIInterfaceOrientationLandscapeRight";
				LD_RUNPATH_SEARCH_PATHS = (
					"$(inherited)",
					"@executable_path/Frameworks",
				);
				MARKETING_VERSION = 1.0;
				PRODUCT_BUNDLE_IDENTIFIER = PartyRoomA.PartyRoomAppIOS;
				PRODUCT_NAME = "$(TARGET_NAME)";
				SWIFT_EMIT_LOC_STRINGS = YES;
				SWIFT_VERSION = 5.0;
				TARGETED_DEVICE_FAMILY = "1,2";
			};
			name = Release;
		};
/* End XCBuildConfiguration section */

/* Begin XCConfigurationList section */
		AAF8A64A2AB4F03B0080A250 /* Build configuration list for PBXProject "PartyRoomAppIOS" */ = {
			isa = XCConfigurationList;
			buildConfigurations = (
				AAF8A65B2AB4F03C0080A250 /* Debug */,
				AAF8A65C2AB4F03C0080A250 /* Release */,
			);
			defaultConfigurationIsVisible = 0;
			defaultConfigurationName = Release;
		};
		AAF8A65D2AB4F03C0080A250 /* Build configuration list for PBXNativeTarget "PartyRoomAppIOS" */ = {
			isa = XCConfigurationList;
			buildConfigurations = (
				AAF8A65E2AB4F03C0080A250 /* Debug */,
				AAF8A65F2AB4F03C0080A250 /* Release */,
			);
			defaultConfigurationIsVisible = 0;
			defaultConfigurationName = Release;
		};
/* End XCConfigurationList section */

/* Begin XCRemoteSwiftPackageReference section */
		AA05698E2AB7056D0049EA2A /* XCRemoteSwiftPackageReference "keychain-swift" */ = {
			isa = XCRemoteSwiftPackageReference;
			repositoryURL = "https://github.com/evgenyneu/keychain-swift.git";
			requirement = {
				kind = upToNextMajorVersion;
				minimumVersion = 20.0.0;
			};
		};
		AAF6B21E2AB6568D0034A665 /* XCRemoteSwiftPackageReference "Alamofire" */ = {
			isa = XCRemoteSwiftPackageReference;
			repositoryURL = "https://github.com/Alamofire/Alamofire.git";
			requirement = {
				kind = upToNextMajorVersion;
				minimumVersion = 5.0.0;
			};
		};
		AAF6B2212AB657000034A665 /* XCRemoteSwiftPackageReference "SwiftyJSON" */ = {
			isa = XCRemoteSwiftPackageReference;
			repositoryURL = "https://github.com/SwiftyJSON/SwiftyJSON.git";
			requirement = {
				kind = upToNextMajorVersion;
				minimumVersion = 5.0.0;
			};
		};
/* End XCRemoteSwiftPackageReference section */

/* Begin XCSwiftPackageProductDependency section */
		AA05698F2AB7056D0049EA2A /* KeychainSwift */ = {
			isa = XCSwiftPackageProductDependency;
			package = AA05698E2AB7056D0049EA2A /* XCRemoteSwiftPackageReference "keychain-swift" */;
			productName = KeychainSwift;
		};
		AAF6B21F2AB6568D0034A665 /* Alamofire */ = {
			isa = XCSwiftPackageProductDependency;
			package = AAF6B21E2AB6568D0034A665 /* XCRemoteSwiftPackageReference "Alamofire" */;
			productName = Alamofire;
		};
		AAF6B2222AB657000034A665 /* SwiftyJSON */ = {
			isa = XCSwiftPackageProductDependency;
			package = AAF6B2212AB657000034A665 /* XCRemoteSwiftPackageReference "SwiftyJSON" */;
			productName = SwiftyJSON;
		};
/* End XCSwiftPackageProductDependency section */
	};
	rootObject = AAF8A6472AB4F03B0080A250 /* Project object */;
}
